
Microsoft Visual Studio Solution File, Format Version 12.00
# Visual Studio Version 17
VisualStudioVersion = 17.5.33516.290
MinimumVisualStudioVersion = 10.0.40219.1
Project("{FAE04EC0-301F-11D3-BF4B-00C04F79EFBC}") = "UniMob.Analyzers", "UniMob.Analyzers\UniMob.Analyzers.csproj", "{8D064FAB-A280-4576-BE3D-80A43F34E5DF}"
EndProject
Global
	GlobalSection(SolutionConfigurationPlatforms) = preSolution
		Debug|Any CPU = Debug|Any CPU
		Release|Any CPU = Release|Any CPU
	EndGlobalSection
	GlobalSection(ProjectConfigurationPlatforms) = postSolution
		{8D064FAB-A280-4576-BE3D-80A43F34E5DF}.Debug|Any CPU.ActiveCfg = Debug|Any CPU
		{8D064FAB-A280-4576-BE3D-80A43F34E5DF}.Debug|Any CPU.Build.0 = Debug|Any CPU
		{8D064FAB-A280-4576-BE3D-80A43F34E5DF}.Release|Any CPU.ActiveCfg = Release|Any CPU
		{8D064FAB-A280-4576-BE3D-80A43F34E5DF}.Release|Any CPU.Build.0 = Release|Any CPU
	EndGlobalSection
	GlobalSection(SolutionProperties) = preSolution
		HideSolutionNode = FALSE
	EndGlobalSection
	GlobalSection(ExtensibilityGlobals) = postSolution
		SolutionGuid = {49FBB5E6-3F4E-4721-99C3-FC22481CFDDC}
	EndGlobalSection
EndGlobal
